
Microsoft Visual Studio Solution File, Format Version 12.00
# Visual Studio Version 16
VisualStudioVersion = 16.0.31424.327
MinimumVisualStudioVersion = 10.0.40219.1
Project("{FAE04EC0-301F-11D3-BF4B-00C04F79EFBC}") = "MiddlewareAspnet", "MiddlewareAspnet\MiddlewareAspnet.csproj", "{9ABDF68E-5352-42F5-8102-D926382BD045}"
EndProject
Global
	GlobalSection(SolutionConfigurationPlatforms) = preSolution
		Debug|Any CPU = Debug|Any CPU
		Release|Any CPU = Release|Any CPU
	EndGlobalSection
	GlobalSection(ProjectConfigurationPlatforms) = postSolution
		{9ABDF68E-5352-42F5-8102-D926382BD045}.Debug|Any CPU.ActiveCfg = Debug|Any CPU
		{9ABDF68E-5352-42F5-8102-D926382BD045}.Debug|Any CPU.Build.0 = Debug|Any CPU
		{9ABDF68E-5352-42F5-8102-D926382BD045}.Release|Any CPU.ActiveCfg = Release|Any CPU
		{9ABDF68E-5352-42F5-8102-D926382BD045}.Release|Any CPU.Build.0 = Release|Any CPU
	EndGlobalSection
	GlobalSection(SolutionProperties) = preSolution
		HideSolutionNode = FALSE
	EndGlobalSection
	GlobalSection(ExtensibilityGlobals) = postSolution
		SolutionGuid = {98F52888-E623-4A20-9D98-741E76146DB0}
	EndGlobalSection
EndGlobal
